
Microsoft Visual Studio Solution File, Format Version 12.00
# Visual Studio Version 16
VisualStudioVersion = 16.0.31515.178
MinimumVisualStudioVersion = 10.0.40219.1
Project("{FAE04EC0-301F-11D3-BF4B-00C04F79EFBC}") = "Library", "Library\Library.csproj", "{72C164E5-B302-4B32-92B5-70166FBAE852}"
EndProject
Project("{FAE04EC0-301F-11D3-BF4B-00C04F79EFBC}") = "Model", "Model\Model.csproj", "{7D6830C1-E160-4C2E-A6CE-D01B64DD8E45}"
EndProject
Project("{FAE04EC0-301F-11D3-BF4B-00C04F79EFBC}") = "BL", "BL\BL.csproj", "{7C681078-3469-491F-9903-ED03F3719F6B}"
EndProject
Project("{FAE04EC0-301F-11D3-BF4B-00C04F79EFBC}") = "DAL", "DAL\DAL.csproj", "{7927111A-13C6-4AAB-B797-7D4844081ADA}"
EndProject
Global
	GlobalSection(SolutionConfigurationPlatforms) = preSolution
		Debug|Any CPU = Debug|Any CPU
		Release|Any CPU = Release|Any CPU
	EndGlobalSection
	GlobalSection(ProjectConfigurationPlatforms) = postSolution
		{72C164E5-B302-4B32-92B5-70166FBAE852}.Debug|Any CPU.ActiveCfg = Debug|Any CPU
		{72C164E5-B302-4B32-92B5-70166FBAE852}.Debug|Any CPU.Build.0 = Debug|Any CPU
		{72C164E5-B302-4B32-92B5-70166FBAE852}.Release|Any CPU.ActiveCfg = Release|Any CPU
		{72C164E5-B302-4B32-92B5-70166FBAE852}.Release|Any CPU.Build.0 = Release|Any CPU
		{7D6830C1-E160-4C2E-A6CE-D01B64DD8E45}.Debug|Any CPU.ActiveCfg = Debug|Any CPU
		{7D6830C1-E160-4C2E-A6CE-D01B64DD8E45}.Debug|Any CPU.Build.0 = Debug|Any CPU
		{7D6830C1-E160-4C2E-A6CE-D01B64DD8E45}.Release|Any CPU.ActiveCfg = Release|Any CPU
		{7D6830C1-E160-4C2E-A6CE-D01B64DD8E45}.Release|Any CPU.Build.0 = Release|Any CPU
		{7C681078-3469-491F-9903-ED03F3719F6B}.Debug|Any CPU.ActiveCfg = Debug|Any CPU
		{7C681078-3469-491F-9903-ED03F3719F6B}.Debug|Any CPU.Build.0 = Debug|Any CPU
		{7C681078-3469-491F-9903-ED03F3719F6B}.Release|Any CPU.ActiveCfg = Release|Any CPU
		{7C681078-3469-491F-9903-ED03F3719F6B}.Release|Any CPU.Build.0 = Release|Any CPU
		{7927111A-13C6-4AAB-B797-7D4844081ADA}.Debug|Any CPU.ActiveCfg = Debug|Any CPU
		{7927111A-13C6-4AAB-B797-7D4844081ADA}.Debug|Any CPU.Build.0 = Debug|Any CPU
		{7927111A-13C6-4AAB-B797-7D4844081ADA}.Release|Any CPU.ActiveCfg = Release|Any CPU
		{7927111A-13C6-4AAB-B797-7D4844081ADA}.Release|Any CPU.Build.0 = Release|Any CPU
	EndGlobalSection
	GlobalSection(SolutionProperties) = preSolution
		HideSolutionNode = FALSE
	EndGlobalSection
	GlobalSection(ExtensibilityGlobals) = postSolution
		SolutionGuid = {A69D03C5-E34D-40D2-82AA-E7ED78CB9889}
	EndGlobalSection
EndGlobal
